// !$*UTF8*$!
{
	archiveVersion = 1;
	classes = {
	};
	objectVersion = 50;
	objects = {

/* Begin PBXBuildFile section */
		D720F2FD229F7A3E00165EA9 /* AppDelegate.swift in Sources */ = {isa = PBXBuildFile; fileRef = D720F2FC229F7A3E00165EA9 /* AppDelegate.swift */; };
		D720F301229F7A3E00165EA9 /* ViewController.swift in Sources */ = {isa = PBXBuildFile; fileRef = D720F300229F7A3E00165EA9 /* ViewController.swift */; };
		D720F304229F7A3E00165EA9 /* Main.storyboard in Resources */ = {isa = PBXBuildFile; fileRef = D720F302229F7A3E00165EA9 /* Main.storyboard */; };
		D720F306229F7A4100165EA9 /* Assets.xcassets in Resources */ = {isa = PBXBuildFile; fileRef = D720F305229F7A4100165EA9 /* Assets.xcassets */; };
		D720F309229F7A4100165EA9 /* LaunchScreen.storyboard in Resources */ = {isa = PBXBuildFile; fileRef = D720F307229F7A4100165EA9 /* LaunchScreen.storyboard */; };
		D720F30F229F7A9600165EA9 /* MonsterTruck.scnassets in Resources */ = {isa = PBXBuildFile; fileRef = D720F30E229F7A9600165EA9 /* MonsterTruck.scnassets */; };
		D720F34322A12C8000165EA9 /* AppDelegate.swift in Sources */ = {isa = PBXBuildFile; fileRef = D720F34222A12C8000165EA9 /* AppDelegate.swift */; };
		D720F34522A12C8000165EA9 /* art.scnassets in Resources */ = {isa = PBXBuildFile; fileRef = D720F34422A12C8000165EA9 /* art.scnassets */; };
		D720F34722A12C8000165EA9 /* ViewController.swift in Sources */ = {isa = PBXBuildFile; fileRef = D720F34622A12C8000165EA9 /* ViewController.swift */; };
		D720F34A22A12C8000165EA9 /* Main.storyboard in Resources */ = {isa = PBXBuildFile; fileRef = D720F34822A12C8000165EA9 /* Main.storyboard */; };
		D720F34C22A12C8100165EA9 /* Assets.xcassets in Resources */ = {isa = PBXBuildFile; fileRef = D720F34B22A12C8100165EA9 /* Assets.xcassets */; };
		D720F34F22A12C8100165EA9 /* LaunchScreen.storyboard in Resources */ = {isa = PBXBuildFile; fileRef = D720F34D22A12C8100165EA9 /* LaunchScreen.storyboard */; };
		D736DF61229B867600C4FFC3 /* AppDelegate.swift in Sources */ = {isa = PBXBuildFile; fileRef = D736DF60229B867600C4FFC3 /* AppDelegate.swift */; };
		D736DF63229B867600C4FFC3 /* ViewController.swift in Sources */ = {isa = PBXBuildFile; fileRef = D736DF62229B867600C4FFC3 /* ViewController.swift */; };
		D736DF66229B867600C4FFC3 /* Main.storyboard in Resources */ = {isa = PBXBuildFile; fileRef = D736DF64229B867600C4FFC3 /* Main.storyboard */; };
		D736DF68229B867600C4FFC3 /* Assets.xcassets in Resources */ = {isa = PBXBuildFile; fileRef = D736DF67229B867600C4FFC3 /* Assets.xcassets */; };
		D736DF6B229B867600C4FFC3 /* LaunchScreen.storyboard in Resources */ = {isa = PBXBuildFile; fileRef = D736DF69229B867600C4FFC3 /* LaunchScreen.storyboard */; };
		D736DF79229B8A2F00C4FFC3 /* AppDelegate.swift in Sources */ = {isa = PBXBuildFile; fileRef = D736DF78229B8A2F00C4FFC3 /* AppDelegate.swift */; };
		D736DF7D229B8A2F00C4FFC3 /* PokerDiceViewController.swift in Sources */ = {isa = PBXBuildFile; fileRef = D736DF7C229B8A2F00C4FFC3 /* PokerDiceViewController.swift */; };
		D736DF80229B8A2F00C4FFC3 /* Main.storyboard in Resources */ = {isa = PBXBuildFile; fileRef = D736DF7E229B8A2F00C4FFC3 /* Main.storyboard */; };
		D736DF82229B8A3000C4FFC3 /* Assets.xcassets in Resources */ = {isa = PBXBuildFile; fileRef = D736DF81229B8A3000C4FFC3 /* Assets.xcassets */; };
		D736DF85229B8A3000C4FFC3 /* LaunchScreen.storyboard in Resources */ = {isa = PBXBuildFile; fileRef = D736DF83229B8A3000C4FFC3 /* LaunchScreen.storyboard */; };
		D736DF8B229B911E00C4FFC3 /* PokerDice.scnassets in Resources */ = {isa = PBXBuildFile; fileRef = D736DF8A229B911E00C4FFC3 /* PokerDice.scnassets */; };
		D75D80A2229BED0F009358D1 /* GameUtils.swift in Sources */ = {isa = PBXBuildFile; fileRef = D75D809E229BED0F009358D1 /* GameUtils.swift */; };
		D75D80A3229BED0F009358D1 /* SCNVector3+Extension.swift in Sources */ = {isa = PBXBuildFile; fileRef = D75D809F229BED0F009358D1 /* SCNVector3+Extension.swift */; };
		D79F72D0229D217D00951FC8 /* AppDelegate.swift in Sources */ = {isa = PBXBuildFile; fileRef = D79F72CF229D217D00951FC8 /* AppDelegate.swift */; };
		D79F72D2229D217D00951FC8 /* art.scnassets in Resources */ = {isa = PBXBuildFile; fileRef = D79F72D1229D217D00951FC8 /* art.scnassets */; };
		D79F72D4229D217D00951FC8 /* PortalViewController.swift in Sources */ = {isa = PBXBuildFile; fileRef = D79F72D3229D217D00951FC8 /* PortalViewController.swift */; };
		D79F72D7229D217D00951FC8 /* Main.storyboard in Resources */ = {isa = PBXBuildFile; fileRef = D79F72D5229D217D00951FC8 /* Main.storyboard */; };
		D79F72D9229D217E00951FC8 /* Assets.xcassets in Resources */ = {isa = PBXBuildFile; fileRef = D79F72D8229D217E00951FC8 /* Assets.xcassets */; };
		D79F72DC229D217E00951FC8 /* LaunchScreen.storyboard in Resources */ = {isa = PBXBuildFile; fileRef = D79F72DA229D217E00951FC8 /* LaunchScreen.storyboard */; };
		D79F72E5229D242300951FC8 /* RWLabel.swift in Sources */ = {isa = PBXBuildFile; fileRef = D79F72E2229D242300951FC8 /* RWLabel.swift */; };
		D79F72E6229D242300951FC8 /* FloatingPointExtension.swift in Sources */ = {isa = PBXBuildFile; fileRef = D79F72E3229D242300951FC8 /* FloatingPointExtension.swift */; };
		D79F72E7229D242300951FC8 /* SCNVector3Extension.swift in Sources */ = {isa = PBXBuildFile; fileRef = D79F72E4229D242300951FC8 /* SCNVector3Extension.swift */; };
		D79F72E9229D2A7600951FC8 /* SCNNodeHelpers.swift in Sources */ = {isa = PBXBuildFile; fileRef = D79F72E8229D2A7600951FC8 /* SCNNodeHelpers.swift */; };
		D7B8C783229BE2590060DC59 /* AppDelegate.swift in Sources */ = {isa = PBXBuildFile; fileRef = D7B8C782229BE2590060DC59 /* AppDelegate.swift */; };
		D7B8C785229BE2590060DC59 /* art.scnassets in Resources */ = {isa = PBXBuildFile; fileRef = D7B8C784229BE2590060DC59 /* art.scnassets */; };
		D7B8C787229BE2590060DC59 /* ViewController.swift in Sources */ = {isa = PBXBuildFile; fileRef = D7B8C786229BE2590060DC59 /* ViewController.swift */; };
		D7B8C78A229BE2590060DC59 /* Main.storyboard in Resources */ = {isa = PBXBuildFile; fileRef = D7B8C788229BE2590060DC59 /* Main.storyboard */; };
		D7B8C78C229BE25A0060DC59 /* Assets.xcassets in Resources */ = {isa = PBXBuildFile; fileRef = D7B8C78B229BE25A0060DC59 /* Assets.xcassets */; };
		D7B8C78F229BE25A0060DC59 /* LaunchScreen.storyboard in Resources */ = {isa = PBXBuildFile; fileRef = D7B8C78D229BE25A0060DC59 /* LaunchScreen.storyboard */; };
/* End PBXBuildFile section */

/* Begin PBXFileReference section */
		D720F2FA229F7A3E00165EA9 /* ARMonsterTruck.app */ = {isa = PBXFileReference; explicitFileType = wrapper.application; includeInIndex = 0; path = ARMonsterTruck.app; sourceTree = BUILT_PRODUCTS_DIR; };
		D720F2FC229F7A3E00165EA9 /* AppDelegate.swift */ = {isa = PBXFileReference; lastKnownFileType = sourcecode.swift; path = AppDelegate.swift; sourceTree = "<group>"; };
		D720F300229F7A3E00165EA9 /* ViewController.swift */ = {isa = PBXFileReference; lastKnownFileType = sourcecode.swift; path = ViewController.swift; sourceTree = "<group>"; };
		D720F303229F7A3E00165EA9 /* Base */ = {isa = PBXFileReference; lastKnownFileType = file.storyboard; name = Base; path = Base.lproj/Main.storyboard; sourceTree = "<group>"; };
		D720F305229F7A4100165EA9 /* Assets.xcassets */ = {isa = PBXFileReference; lastKnownFileType = folder.assetcatalog; path = Assets.xcassets; sourceTree = "<group>"; };
		D720F308229F7A4100165EA9 /* Base */ = {isa = PBXFileReference; lastKnownFileType = file.storyboard; name = Base; path = Base.lproj/LaunchScreen.storyboard; sourceTree = "<group>"; };
		D720F30A229F7A4100165EA9 /* Info.plist */ = {isa = PBXFileReference; lastKnownFileType = text.plist.xml; path = Info.plist; sourceTree = "<group>"; };
		D720F30E229F7A9600165EA9 /* MonsterTruck.scnassets */ = {isa = PBXFileReference; lastKnownFileType = wrapper.scnassets; path = MonsterTruck.scnassets; sourceTree = "<group>"; };
		D720F34022A12C8000165EA9 /* ARSketch.app */ = {isa = PBXFileReference; explicitFileType = wrapper.application; includeInIndex = 0; path = ARSketch.app; sourceTree = BUILT_PRODUCTS_DIR; };
		D720F34222A12C8000165EA9 /* AppDelegate.swift */ = {isa = PBXFileReference; lastKnownFileType = sourcecode.swift; path = AppDelegate.swift; sourceTree = "<group>"; };
		D720F34422A12C8000165EA9 /* art.scnassets */ = {isa = PBXFileReference; lastKnownFileType = wrapper.scnassets; path = art.scnassets; sourceTree = "<group>"; };
		D720F34622A12C8000165EA9 /* ViewController.swift */ = {isa = PBXFileReference; lastKnownFileType = sourcecode.swift; path = ViewController.swift; sourceTree = "<group>"; };
		D720F34922A12C8000165EA9 /* Base */ = {isa = PBXFileReference; lastKnownFileType = file.storyboard; name = Base; path = Base.lproj/Main.storyboard; sourceTree = "<group>"; };
		D720F34B22A12C8100165EA9 /* Assets.xcassets */ = {isa = PBXFileReference; lastKnownFileType = folder.assetcatalog; path = Assets.xcassets; sourceTree = "<group>"; };
		D720F34E22A12C8100165EA9 /* Base */ = {isa = PBXFileReference; lastKnownFileType = file.storyboard; name = Base; path = Base.lproj/LaunchScreen.storyboard; sourceTree = "<group>"; };
		D720F35022A12C8100165EA9 /* Info.plist */ = {isa = PBXFileReference; lastKnownFileType = text.plist.xml; path = Info.plist; sourceTree = "<group>"; };
		D736DF5D229B867600C4FFC3 /* ARLearn.app */ = {isa = PBXFileReference; explicitFileType = wrapper.application; includeInIndex = 0; path = ARLearn.app; sourceTree = BUILT_PRODUCTS_DIR; };
		D736DF60229B867600C4FFC3 /* AppDelegate.swift */ = {isa = PBXFileReference; lastKnownFileType = sourcecode.swift; path = AppDelegate.swift; sourceTree = "<group>"; };
		D736DF62229B867600C4FFC3 /* ViewController.swift */ = {isa = PBXFileReference; lastKnownFileType = sourcecode.swift; path = ViewController.swift; sourceTree = "<group>"; };
		D736DF65229B867600C4FFC3 /* Base */ = {isa = PBXFileReference; lastKnownFileType = file.storyboard; name = Base; path = Base.lproj/Main.storyboard; sourceTree = "<group>"; };
		D736DF67229B867600C4FFC3 /* Assets.xcassets */ = {isa = PBXFileReference; lastKnownFileType = folder.assetcatalog; path = Assets.xcassets; sourceTree = "<group>"; };
		D736DF6A229B867600C4FFC3 /* Base */ = {isa = PBXFileReference; lastKnownFileType = file.storyboard; name = Base; path = Base.lproj/LaunchScreen.storyboard; sourceTree = "<group>"; };
		D736DF6C229B867600C4FFC3 /* Info.plist */ = {isa = PBXFileReference; lastKnownFileType = text.plist.xml; path = Info.plist; sourceTree = "<group>"; };
		D736DF76229B8A2F00C4FFC3 /* ARPokerDice.app */ = {isa = PBXFileReference; explicitFileType = wrapper.application; includeInIndex = 0; path = ARPokerDice.app; sourceTree = BUILT_PRODUCTS_DIR; };
		D736DF78229B8A2F00C4FFC3 /* AppDelegate.swift */ = {isa = PBXFileReference; lastKnownFileType = sourcecode.swift; path = AppDelegate.swift; sourceTree = "<group>"; };
		D736DF7C229B8A2F00C4FFC3 /* PokerDiceViewController.swift */ = {isa = PBXFileReference; lastKnownFileType = sourcecode.swift; path = PokerDiceViewController.swift; sourceTree = "<group>"; };
		D736DF7F229B8A2F00C4FFC3 /* Base */ = {isa = PBXFileReference; lastKnownFileType = file.storyboard; name = Base; path = Base.lproj/Main.storyboard; sourceTree = "<group>"; };
		D736DF81229B8A3000C4FFC3 /* Assets.xcassets */ = {isa = PBXFileReference; lastKnownFileType = folder.assetcatalog; path = Assets.xcassets; sourceTree = "<group>"; };
		D736DF84229B8A3000C4FFC3 /* Base */ = {isa = PBXFileReference; lastKnownFileType = file.storyboard; name = Base; path = Base.lproj/LaunchScreen.storyboard; sourceTree = "<group>"; };
		D736DF86229B8A3000C4FFC3 /* Info.plist */ = {isa = PBXFileReference; lastKnownFileType = text.plist.xml; path = Info.plist; sourceTree = "<group>"; };
		D736DF8A229B911E00C4FFC3 /* PokerDice.scnassets */ = {isa = PBXFileReference; lastKnownFileType = wrapper.scnassets; path = PokerDice.scnassets; sourceTree = "<group>"; };
		D75D809E229BED0F009358D1 /* GameUtils.swift */ = {isa = PBXFileReference; fileEncoding = 4; lastKnownFileType = sourcecode.swift; path = GameUtils.swift; sourceTree = "<group>"; };
		D75D809F229BED0F009358D1 /* SCNVector3+Extension.swift */ = {isa = PBXFileReference; fileEncoding = 4; lastKnownFileType = sourcecode.swift; path = "SCNVector3+Extension.swift"; sourceTree = "<group>"; };
		D79F72CD229D217D00951FC8 /* Portal.app */ = {isa = PBXFileReference; explicitFileType = wrapper.application; includeInIndex = 0; path = Portal.app; sourceTree = BUILT_PRODUCTS_DIR; };
		D79F72CF229D217D00951FC8 /* AppDelegate.swift */ = {isa = PBXFileReference; lastKnownFileType = sourcecode.swift; path = AppDelegate.swift; sourceTree = "<group>"; };
		D79F72D1229D217D00951FC8 /* art.scnassets */ = {isa = PBXFileReference; lastKnownFileType = wrapper.scnassets; path = art.scnassets; sourceTree = "<group>"; };
		D79F72D3229D217D00951FC8 /* PortalViewController.swift */ = {isa = PBXFileReference; lastKnownFileType = sourcecode.swift; path = PortalViewController.swift; sourceTree = "<group>"; };
		D79F72D6229D217D00951FC8 /* Base */ = {isa = PBXFileReference; lastKnownFileType = file.storyboard; name = Base; path = Base.lproj/Main.storyboard; sourceTree = "<group>"; };
		D79F72D8229D217E00951FC8 /* Assets.xcassets */ = {isa = PBXFileReference; lastKnownFileType = folder.assetcatalog; path = Assets.xcassets; sourceTree = "<group>"; };
		D79F72DB229D217E00951FC8 /* Base */ = {isa = PBXFileReference; lastKnownFileType = file.storyboard; name = Base; path = Base.lproj/LaunchScreen.storyboard; sourceTree = "<group>"; };
		D79F72DD229D217E00951FC8 /* Info.plist */ = {isa = PBXFileReference; lastKnownFileType = text.plist.xml; path = Info.plist; sourceTree = "<group>"; };
		D79F72E2229D242300951FC8 /* RWLabel.swift */ = {isa = PBXFileReference; fileEncoding = 4; lastKnownFileType = sourcecode.swift; path = RWLabel.swift; sourceTree = "<group>"; };
		D79F72E3229D242300951FC8 /* FloatingPointExtension.swift */ = {isa = PBXFileReference; fileEncoding = 4; lastKnownFileType = sourcecode.swift; path = FloatingPointExtension.swift; sourceTree = "<group>"; };
		D79F72E4229D242300951FC8 /* SCNVector3Extension.swift */ = {isa = PBXFileReference; fileEncoding = 4; lastKnownFileType = sourcecode.swift; path = SCNVector3Extension.swift; sourceTree = "<group>"; };
		D79F72E8229D2A7600951FC8 /* SCNNodeHelpers.swift */ = {isa = PBXFileReference; lastKnownFileType = sourcecode.swift; path = SCNNodeHelpers.swift; sourceTree = "<group>"; };
		D7B8C780229BE2590060DC59 /* PBREarth.app */ = {isa = PBXFileReference; explicitFileType = wrapper.application; includeInIndex = 0; path = PBREarth.app; sourceTree = BUILT_PRODUCTS_DIR; };
		D7B8C782229BE2590060DC59 /* AppDelegate.swift */ = {isa = PBXFileReference; lastKnownFileType = sourcecode.swift; path = AppDelegate.swift; sourceTree = "<group>"; };
		D7B8C784229BE2590060DC59 /* art.scnassets */ = {isa = PBXFileReference; lastKnownFileType = wrapper.scnassets; path = art.scnassets; sourceTree = "<group>"; };
		D7B8C786229BE2590060DC59 /* ViewController.swift */ = {isa = PBXFileReference; lastKnownFileType = sourcecode.swift; path = ViewController.swift; sourceTree = "<group>"; };
		D7B8C789229BE2590060DC59 /* Base */ = {isa = PBXFileReference; lastKnownFileType = file.storyboard; name = Base; path = Base.lproj/Main.storyboard; sourceTree = "<group>"; };
		D7B8C78B229BE25A0060DC59 /* Assets.xcassets */ = {isa = PBXFileReference; lastKnownFileType = folder.assetcatalog; path = Assets.xcassets; sourceTree = "<group>"; };
		D7B8C78E229BE25A0060DC59 /* Base */ = {isa = PBXFileReference; lastKnownFileType = file.storyboard; name = Base; path = Base.lproj/LaunchScreen.storyboard; sourceTree = "<group>"; };
		D7B8C790229BE25A0060DC59 /* Info.plist */ = {isa = PBXFileReference; lastKnownFileType = text.plist.xml; path = Info.plist; sourceTree = "<group>"; };
/* End PBXFileReference section */

/* Begin PBXFrameworksBuildPhase section */
		D720F2F7229F7A3E00165EA9 /* Frameworks */ = {
			isa = PBXFrameworksBuildPhase;
			buildActionMask = 2147483647;
			files = (
			);
			runOnlyForDeploymentPostprocessing = 0;
		};
		D720F33D22A12C8000165EA9 /* Frameworks */ = {
			isa = PBXFrameworksBuildPhase;
			buildActionMask = 2147483647;
			files = (
			);
			runOnlyForDeploymentPostprocessing = 0;
		};
		D736DF5A229B867600C4FFC3 /* Frameworks */ = {
			isa = PBXFrameworksBuildPhase;
			buildActionMask = 2147483647;
			files = (
			);
			runOnlyForDeploymentPostprocessing = 0;
		};
		D736DF73229B8A2F00C4FFC3 /* Frameworks */ = {
			isa = PBXFrameworksBuildPhase;
			buildActionMask = 2147483647;
			files = (
			);
			runOnlyForDeploymentPostprocessing = 0;
		};
		D79F72CA229D217D00951FC8 /* Frameworks */ = {
			isa = PBXFrameworksBuildPhase;
			buildActionMask = 2147483647;
			files = (
			);
			runOnlyForDeploymentPostprocessing = 0;
		};
		D7B8C77D229BE2590060DC59 /* Frameworks */ = {
			isa = PBXFrameworksBuildPhase;
			buildActionMask = 2147483647;
			files = (
			);
			runOnlyForDeploymentPostprocessing = 0;
		};
/* End PBXFrameworksBuildPhase section */

/* Begin PBXGroup section */
		D720F2FB229F7A3E00165EA9 /* ARMonsterTruck */ = {
			isa = PBXGroup;
			children = (
				D720F30E229F7A9600165EA9 /* MonsterTruck.scnassets */,
				D720F2FC229F7A3E00165EA9 /* AppDelegate.swift */,
				D720F300229F7A3E00165EA9 /* ViewController.swift */,
				D720F302229F7A3E00165EA9 /* Main.storyboard */,
				D720F305229F7A4100165EA9 /* Assets.xcassets */,
				D720F307229F7A4100165EA9 /* LaunchScreen.storyboard */,
				D720F30A229F7A4100165EA9 /* Info.plist */,
			);
			path = ARMonsterTruck;
			sourceTree = "<group>";
		};
		D720F34122A12C8000165EA9 /* ARSketch */ = {
			isa = PBXGroup;
			children = (
				D720F34222A12C8000165EA9 /* AppDelegate.swift */,
				D720F34422A12C8000165EA9 /* art.scnassets */,
				D720F34622A12C8000165EA9 /* ViewController.swift */,
				D720F34822A12C8000165EA9 /* Main.storyboard */,
				D720F34B22A12C8100165EA9 /* Assets.xcassets */,
				D720F34D22A12C8100165EA9 /* LaunchScreen.storyboard */,
				D720F35022A12C8100165EA9 /* Info.plist */,
			);
			path = ARSketch;
			sourceTree = "<group>";
		};
		D736DF54229B867600C4FFC3 = {
			isa = PBXGroup;
			children = (
				D736DF5F229B867600C4FFC3 /* ARLearn */,
				D736DF77229B8A2F00C4FFC3 /* ARPokerDice */,
				D7B8C781229BE2590060DC59 /* PBREarth */,
				D79F72CE229D217D00951FC8 /* Portal */,
				D720F2FB229F7A3E00165EA9 /* ARMonsterTruck */,
				D720F34122A12C8000165EA9 /* ARSketch */,
				D736DF5E229B867600C4FFC3 /* Products */,
			);
			sourceTree = "<group>";
		};
		D736DF5E229B867600C4FFC3 /* Products */ = {
			isa = PBXGroup;
			children = (
				D736DF5D229B867600C4FFC3 /* ARLearn.app */,
				D736DF76229B8A2F00C4FFC3 /* ARPokerDice.app */,
				D7B8C780229BE2590060DC59 /* PBREarth.app */,
				D79F72CD229D217D00951FC8 /* Portal.app */,
				D720F2FA229F7A3E00165EA9 /* ARMonsterTruck.app */,
				D720F34022A12C8000165EA9 /* ARSketch.app */,
			);
			name = Products;
			sourceTree = "<group>";
		};
		D736DF5F229B867600C4FFC3 /* ARLearn */ = {
			isa = PBXGroup;
			children = (
				D736DF60229B867600C4FFC3 /* AppDelegate.swift */,
				D736DF62229B867600C4FFC3 /* ViewController.swift */,
				D736DF64229B867600C4FFC3 /* Main.storyboard */,
				D736DF67229B867600C4FFC3 /* Assets.xcassets */,
				D736DF69229B867600C4FFC3 /* LaunchScreen.storyboard */,
				D736DF6C229B867600C4FFC3 /* Info.plist */,
			);
			path = ARLearn;
			sourceTree = "<group>";
		};
		D736DF77229B8A2F00C4FFC3 /* ARPokerDice */ = {
			isa = PBXGroup;
			children = (
				D75D809D229BED0F009358D1 /* GameUtils */,
				D736DF8A229B911E00C4FFC3 /* PokerDice.scnassets */,
				D736DF78229B8A2F00C4FFC3 /* AppDelegate.swift */,
				D736DF7C229B8A2F00C4FFC3 /* PokerDiceViewController.swift */,
				D736DF7E229B8A2F00C4FFC3 /* Main.storyboard */,
				D736DF81229B8A3000C4FFC3 /* Assets.xcassets */,
				D736DF83229B8A3000C4FFC3 /* LaunchScreen.storyboard */,
				D736DF86229B8A3000C4FFC3 /* Info.plist */,
			);
			path = ARPokerDice;
			sourceTree = "<group>";
		};
		D75D809D229BED0F009358D1 /* GameUtils */ = {
			isa = PBXGroup;
			children = (
				D75D809E229BED0F009358D1 /* GameUtils.swift */,
				D75D809F229BED0F009358D1 /* SCNVector3+Extension.swift */,
			);
			path = GameUtils;
			sourceTree = "<group>";
		};
		D79F72CE229D217D00951FC8 /* Portal */ = {
			isa = PBXGroup;
			children = (
				D79F72E1229D242300951FC8 /* Helpers */,
				D79F72CF229D217D00951FC8 /* AppDelegate.swift */,
				D79F72D1229D217D00951FC8 /* art.scnassets */,
				D79F72D3229D217D00951FC8 /* PortalViewController.swift */,
				D79F72D5229D217D00951FC8 /* Main.storyboard */,
				D79F72D8229D217E00951FC8 /* Assets.xcassets */,
				D79F72DA229D217E00951FC8 /* LaunchScreen.storyboard */,
				D79F72DD229D217E00951FC8 /* Info.plist */,
			);
			path = Portal;
			sourceTree = "<group>";
		};
		D79F72E1229D242300951FC8 /* Helpers */ = {
			isa = PBXGroup;
			children = (
				D79F72E2229D242300951FC8 /* RWLabel.swift */,
				D79F72E3229D242300951FC8 /* FloatingPointExtension.swift */,
				D79F72E4229D242300951FC8 /* SCNVector3Extension.swift */,
				D79F72E8229D2A7600951FC8 /* SCNNodeHelpers.swift */,
			);
			path = Helpers;
			sourceTree = "<group>";
		};
		D7B8C781229BE2590060DC59 /* PBREarth */ = {
			isa = PBXGroup;
			children = (
				D7B8C782229BE2590060DC59 /* AppDelegate.swift */,
				D7B8C784229BE2590060DC59 /* art.scnassets */,
				D7B8C786229BE2590060DC59 /* ViewController.swift */,
				D7B8C788229BE2590060DC59 /* Main.storyboard */,
				D7B8C78B229BE25A0060DC59 /* Assets.xcassets */,
				D7B8C78D229BE25A0060DC59 /* LaunchScreen.storyboard */,
				D7B8C790229BE25A0060DC59 /* Info.plist */,
			);
			path = PBREarth;
			sourceTree = "<group>";
		};
/* End PBXGroup section */

/* Begin PBXNativeTarget section */
		D720F2F9229F7A3E00165EA9 /* ARMonsterTruck */ = {
			isa = PBXNativeTarget;
			buildConfigurationList = D720F30D229F7A4100165EA9 /* Build configuration list for PBXNativeTarget "ARMonsterTruck" */;
			buildPhases = (
				D720F2F6229F7A3E00165EA9 /* Sources */,
				D720F2F7229F7A3E00165EA9 /* Frameworks */,
				D720F2F8229F7A3E00165EA9 /* Resources */,
			);
			buildRules = (
			);
			dependencies = (
			);
			name = ARMonsterTruck;
			productName = ARMonsterTruck;
			productReference = D720F2FA229F7A3E00165EA9 /* ARMonsterTruck.app */;
			productType = "com.apple.product-type.application";
		};
		D720F33F22A12C8000165EA9 /* ARSketch */ = {
			isa = PBXNativeTarget;
			buildConfigurationList = D720F35322A12C8100165EA9 /* Build configuration list for PBXNativeTarget "ARSketch" */;
			buildPhases = (
				D720F33C22A12C8000165EA9 /* Sources */,
				D720F33D22A12C8000165EA9 /* Frameworks */,
				D720F33E22A12C8000165EA9 /* Resources */,
			);
			buildRules = (
			);
			dependencies = (
			);
			name = ARSketch;
			productName = ARSketch;
			productReference = D720F34022A12C8000165EA9 /* ARSketch.app */;
			productType = "com.apple.product-type.application";
		};
		D736DF5C229B867600C4FFC3 /* ARLearn */ = {
			isa = PBXNativeTarget;
			buildConfigurationList = D736DF6F229B867700C4FFC3 /* Build configuration list for PBXNativeTarget "ARLearn" */;
			buildPhases = (
				D736DF59229B867600C4FFC3 /* Sources */,
				D736DF5A229B867600C4FFC3 /* Frameworks */,
				D736DF5B229B867600C4FFC3 /* Resources */,
			);
			buildRules = (
			);
			dependencies = (
			);
			name = ARLearn;
			productName = ARLearn;
			productReference = D736DF5D229B867600C4FFC3 /* ARLearn.app */;
			productType = "com.apple.product-type.application";
		};
		D736DF75229B8A2F00C4FFC3 /* ARPokerDice */ = {
			isa = PBXNativeTarget;
			buildConfigurationList = D736DF87229B8A3000C4FFC3 /* Build configuration list for PBXNativeTarget "ARPokerDice" */;
			buildPhases = (
				D736DF72229B8A2F00C4FFC3 /* Sources */,
				D736DF73229B8A2F00C4FFC3 /* Frameworks */,
				D736DF74229B8A2F00C4FFC3 /* Resources */,
			);
			buildRules = (
			);
			dependencies = (
			);
			name = ARPokerDice;
			productName = ARPokerDice;
			productReference = D736DF76229B8A2F00C4FFC3 /* ARPokerDice.app */;
			productType = "com.apple.product-type.application";
		};
		D79F72CC229D217D00951FC8 /* Portal */ = {
			isa = PBXNativeTarget;
			buildConfigurationList = D79F72E0229D217E00951FC8 /* Build configuration list for PBXNativeTarget "Portal" */;
			buildPhases = (
				D79F72C9229D217D00951FC8 /* Sources */,
				D79F72CA229D217D00951FC8 /* Frameworks */,
				D79F72CB229D217D00951FC8 /* Resources */,
			);
			buildRules = (
			);
			dependencies = (
			);
			name = Portal;
			productName = Portal;
			productReference = D79F72CD229D217D00951FC8 /* Portal.app */;
			productType = "com.apple.product-type.application";
		};
		D7B8C77F229BE2590060DC59 /* PBREarth */ = {
			isa = PBXNativeTarget;
			buildConfigurationList = D7B8C793229BE25A0060DC59 /* Build configuration list for PBXNativeTarget "PBREarth" */;
			buildPhases = (
				D7B8C77C229BE2590060DC59 /* Sources */,
				D7B8C77D229BE2590060DC59 /* Frameworks */,
				D7B8C77E229BE2590060DC59 /* Resources */,
			);
			buildRules = (
			);
			dependencies = (
			);
			name = PBREarth;
			productName = PBREarth;
			productReference = D7B8C780229BE2590060DC59 /* PBREarth.app */;
			productType = "com.apple.product-type.application";
		};
/* End PBXNativeTarget section */

/* Begin PBXProject section */
		D736DF55229B867600C4FFC3 /* Project object */ = {
			isa = PBXProject;
			attributes = {
				LastSwiftUpdateCheck = 1020;
				LastUpgradeCheck = 1020;
				ORGANIZATIONNAME = shaoshuai;
				TargetAttributes = {
					D720F2F9229F7A3E00165EA9 = {
						CreatedOnToolsVersion = 10.2.1;
					};
					D720F33F22A12C8000165EA9 = {
						CreatedOnToolsVersion = 10.2.1;
					};
					D736DF5C229B867600C4FFC3 = {
						CreatedOnToolsVersion = 10.2.1;
					};
					D736DF75229B8A2F00C4FFC3 = {
						CreatedOnToolsVersion = 10.2.1;
					};
					D79F72CC229D217D00951FC8 = {
						CreatedOnToolsVersion = 10.2.1;
					};
					D7B8C77F229BE2590060DC59 = {
						CreatedOnToolsVersion = 10.2.1;
					};
				};
			};
			buildConfigurationList = D736DF58229B867600C4FFC3 /* Build configuration list for PBXProject "ARLearn" */;
			compatibilityVersion = "Xcode 9.3";
			developmentRegion = en;
			hasScannedForEncodings = 0;
			knownRegions = (
				en,
				Base,
			);
			mainGroup = D736DF54229B867600C4FFC3;
			productRefGroup = D736DF5E229B867600C4FFC3 /* Products */;
			projectDirPath = "";
			projectRoot = "";
			targets = (
				D736DF5C229B867600C4FFC3 /* ARLearn */,
				D736DF75229B8A2F00C4FFC3 /* ARPokerDice */,
				D7B8C77F229BE2590060DC59 /* PBREarth */,
				D79F72CC229D217D00951FC8 /* Portal */,
				D720F2F9229F7A3E00165EA9 /* ARMonsterTruck */,
				D720F33F22A12C8000165EA9 /* ARSketch */,
			);
		};
/* End PBXProject section */

/* Begin PBXResourcesBuildPhase section */
		D720F2F8229F7A3E00165EA9 /* Resources */ = {
			isa = PBXResourcesBuildPhase;
			buildActionMask = 2147483647;
			files = (
				D720F30F229F7A9600165EA9 /* MonsterTruck.scnassets in Resources */,
				D720F309229F7A4100165EA9 /* LaunchScreen.storyboard in Resources */,
				D720F306229F7A4100165EA9 /* Assets.xcassets in Resources */,
				D720F304229F7A3E00165EA9 /* Main.storyboard in Resources */,
			);
			runOnlyForDeploymentPostprocessing = 0;
		};
		D720F33E22A12C8000165EA9 /* Resources */ = {
			isa = PBXResourcesBuildPhase;
			buildActionMask = 2147483647;
			files = (
				D720F34522A12C8000165EA9 /* art.scnassets in Resources */,
				D720F34F22A12C8100165EA9 /* LaunchScreen.storyboard in Resources */,
				D720F34C22A12C8100165EA9 /* Assets.xcassets in Resources */,
				D720F34A22A12C8000165EA9 /* Main.storyboard in Resources */,
			);
			runOnlyForDeploymentPostprocessing = 0;
		};
		D736DF5B229B867600C4FFC3 /* Resources */ = {
			isa = PBXResourcesBuildPhase;
			buildActionMask = 2147483647;
			files = (
				D736DF6B229B867600C4FFC3 /* LaunchScreen.storyboard in Resources */,
				D736DF68229B867600C4FFC3 /* Assets.xcassets in Resources */,
				D736DF66229B867600C4FFC3 /* Main.storyboard in Resources */,
			);
			runOnlyForDeploymentPostprocessing = 0;
		};
		D736DF74229B8A2F00C4FFC3 /* Resources */ = {
			isa = PBXResourcesBuildPhase;
			buildActionMask = 2147483647;
			files = (
				D736DF8B229B911E00C4FFC3 /* PokerDice.scnassets in Resources */,
				D736DF85229B8A3000C4FFC3 /* LaunchScreen.storyboard in Resources */,
				D736DF82229B8A3000C4FFC3 /* Assets.xcassets in Resources */,
				D736DF80229B8A2F00C4FFC3 /* Main.storyboard in Resources */,
			);
			runOnlyForDeploymentPostprocessing = 0;
		};
		D79F72CB229D217D00951FC8 /* Resources */ = {
			isa = PBXResourcesBuildPhase;
			buildActionMask = 2147483647;
			files = (
				D79F72D2229D217D00951FC8 /* art.scnassets in Resources */,
				D79F72DC229D217E00951FC8 /* LaunchScreen.storyboard in Resources */,
				D79F72D9229D217E00951FC8 /* Assets.xcassets in Resources */,
				D79F72D7229D217D00951FC8 /* Main.storyboard in Resources */,
			);
			runOnlyForDeploymentPostprocessing = 0;
		};
		D7B8C77E229BE2590060DC59 /* Resources */ = {
			isa = PBXResourcesBuildPhase;
			buildActionMask = 2147483647;
			files = (
				D7B8C785229BE2590060DC59 /* art.scnassets in Resources */,
				D7B8C78F229BE25A0060DC59 /* LaunchScreen.storyboard in Resources */,
				D7B8C78C229BE25A0060DC59 /* Assets.xcassets in Resources */,
				D7B8C78A229BE2590060DC59 /* Main.storyboard in Resources */,
			);
			runOnlyForDeploymentPostprocessing = 0;
		};
/* End PBXResourcesBuildPhase section */

/* Begin PBXSourcesBuildPhase section */
		D720F2F6229F7A3E00165EA9 /* Sources */ = {
			isa = PBXSourcesBuildPhase;
			buildActionMask = 2147483647;
			files = (
				D720F301229F7A3E00165EA9 /* ViewController.swift in Sources */,
				D720F2FD229F7A3E00165EA9 /* AppDelegate.swift in Sources */,
			);
			runOnlyForDeploymentPostprocessing = 0;
		};
		D720F33C22A12C8000165EA9 /* Sources */ = {
			isa = PBXSourcesBuildPhase;
			buildActionMask = 2147483647;
			files = (
				D720F34722A12C8000165EA9 /* ViewController.swift in Sources */,
				D720F34322A12C8000165EA9 /* AppDelegate.swift in Sources */,
			);
			runOnlyForDeploymentPostprocessing = 0;
		};
		D736DF59229B867600C4FFC3 /* Sources */ = {
			isa = PBXSourcesBuildPhase;
			buildActionMask = 2147483647;
			files = (
				D736DF63229B867600C4FFC3 /* ViewController.swift in Sources */,
				D736DF61229B867600C4FFC3 /* AppDelegate.swift in Sources */,
			);
			runOnlyForDeploymentPostprocessing = 0;
		};
		D736DF72229B8A2F00C4FFC3 /* Sources */ = {
			isa = PBXSourcesBuildPhase;
			buildActionMask = 2147483647;
			files = (
				D736DF7D229B8A2F00C4FFC3 /* PokerDiceViewController.swift in Sources */,
				D75D80A2229BED0F009358D1 /* GameUtils.swift in Sources */,
				D736DF79229B8A2F00C4FFC3 /* AppDelegate.swift in Sources */,
				D75D80A3229BED0F009358D1 /* SCNVector3+Extension.swift in Sources */,
			);
			runOnlyForDeploymentPostprocessing = 0;
		};
		D79F72C9229D217D00951FC8 /* Sources */ = {
			isa = PBXSourcesBuildPhase;
			buildActionMask = 2147483647;
			files = (
				D79F72E7229D242300951FC8 /* SCNVector3Extension.swift in Sources */,
				D79F72D4229D217D00951FC8 /* PortalViewController.swift in Sources */,
				D79F72E9229D2A7600951FC8 /* SCNNodeHelpers.swift in Sources */,
				D79F72D0229D217D00951FC8 /* AppDelegate.swift in Sources */,
				D79F72E6229D242300951FC8 /* FloatingPointExtension.swift in Sources */,
				D79F72E5229D242300951FC8 /* RWLabel.swift in Sources */,
			);
			runOnlyForDeploymentPostprocessing = 0;
		};
		D7B8C77C229BE2590060DC59 /* Sources */ = {
			isa = PBXSourcesBuildPhase;
			buildActionMask = 2147483647;
			files = (
				D7B8C787229BE2590060DC59 /* ViewController.swift in Sources */,
				D7B8C783229BE2590060DC59 /* AppDelegate.swift in Sources */,
			);
			runOnlyForDeploymentPostprocessing = 0;
		};
/* End PBXSourcesBuildPhase section */

/* Begin PBXVariantGroup section */
		D720F302229F7A3E00165EA9 /* Main.storyboard */ = {
			isa = PBXVariantGroup;
			children = (
				D720F303229F7A3E00165EA9 /* Base */,
			);
			name = Main.storyboard;
			sourceTree = "<group>";
		};
		D720F307229F7A4100165EA9 /* LaunchScreen.storyboard */ = {
			isa = PBXVariantGroup;
			children = (
				D720F308229F7A4100165EA9 /* Base */,
			);
			name = LaunchScreen.storyboard;
			sourceTree = "<group>";
		};
		D720F34822A12C8000165EA9 /* Main.storyboard */ = {
			isa = PBXVariantGroup;
			children = (
				D720F34922A12C8000165EA9 /* Base */,
			);
			name = Main.storyboard;
			sourceTree = "<group>";
		};
		D720F34D22A12C8100165EA9 /* LaunchScreen.storyboard */ = {
			isa = PBXVariantGroup;
			children = (
				D720F34E22A12C8100165EA9 /* Base */,
			);
			name = LaunchScreen.storyboard;
			sourceTree = "<group>";
		};
		D736DF64229B867600C4FFC3 /* Main.storyboard */ = {
			isa = PBXVariantGroup;
			children = (
				D736DF65229B867600C4FFC3 /* Base */,
			);
			name = Main.storyboard;
			sourceTree = "<group>";
		};
		D736DF69229B867600C4FFC3 /* LaunchScreen.storyboard */ = {
			isa = PBXVariantGroup;
			children = (
				D736DF6A229B867600C4FFC3 /* Base */,
			);
			name = LaunchScreen.storyboard;
			sourceTree = "<group>";
		};
		D736DF7E229B8A2F00C4FFC3 /* Main.storyboard */ = {
			isa = PBXVariantGroup;
			children = (
				D736DF7F229B8A2F00C4FFC3 /* Base */,
			);
			name = Main.storyboard;
			sourceTree = "<group>";
		};
		D736DF83229B8A3000C4FFC3 /* LaunchScreen.storyboard */ = {
			isa = PBXVariantGroup;
			children = (
				D736DF84229B8A3000C4FFC3 /* Base */,
			);
			name = LaunchScreen.storyboard;
			sourceTree = "<group>";
		};
		D79F72D5229D217D00951FC8 /* Main.storyboard */ = {
			isa = PBXVariantGroup;
			children = (
				D79F72D6229D217D00951FC8 /* Base */,
			);
			name = Main.storyboard;
			sourceTree = "<group>";
		};
		D79F72DA229D217E00951FC8 /* LaunchScreen.storyboard */ = {
			isa = PBXVariantGroup;
			children = (
				D79F72DB229D217E00951FC8 /* Base */,
			);
			name = LaunchScreen.storyboard;
			sourceTree = "<group>";
		};
		D7B8C788229BE2590060DC59 /* Main.storyboard */ = {
			isa = PBXVariantGroup;
			children = (
				D7B8C789229BE2590060DC59 /* Base */,
			);
			name = Main.storyboard;
			sourceTree = "<group>";
		};
		D7B8C78D229BE25A0060DC59 /* LaunchScreen.storyboard */ = {
			isa = PBXVariantGroup;
			children = (
				D7B8C78E229BE25A0060DC59 /* Base */,
			);
			name = LaunchScreen.storyboard;
			sourceTree = "<group>";
		};
/* End PBXVariantGroup section */

/* Begin XCBuildConfiguration section */
		D720F30B229F7A4100165EA9 /* Debug */ = {
			isa = XCBuildConfiguration;
			buildSettings = {
				ASSETCATALOG_COMPILER_APPICON_NAME = AppIcon;
				CODE_SIGN_STYLE = Automatic;
				DEVELOPMENT_TEAM = 69G8BQ9KQW;
				INFOPLIST_FILE = ARMonsterTruck/Info.plist;
				LD_RUNPATH_SEARCH_PATHS = (
					"$(inherited)",
					"@executable_path/Frameworks",
				);
				PRODUCT_BUNDLE_IDENTIFIER = com.sxw.ARLearn;
				PRODUCT_NAME = "$(TARGET_NAME)";
				SWIFT_VERSION = 5.0;
				TARGETED_DEVICE_FAMILY = "1,2";
			};
			name = Debug;
		};
		D720F30C229F7A4100165EA9 /* Release */ = {
			isa = XCBuildConfiguration;
			buildSettings = {
				ASSETCATALOG_COMPILER_APPICON_NAME = AppIcon;
				CODE_SIGN_STYLE = Automatic;
				DEVELOPMENT_TEAM = 69G8BQ9KQW;
				INFOPLIST_FILE = ARMonsterTruck/Info.plist;
				LD_RUNPATH_SEARCH_PATHS = (
					"$(inherited)",
					"@executable_path/Frameworks",
				);
				PRODUCT_BUNDLE_IDENTIFIER = com.sxw.ARLearn;
				PRODUCT_NAME = "$(TARGET_NAME)";
				SWIFT_VERSION = 5.0;
				TARGETED_DEVICE_FAMILY = "1,2";
			};
			name = Release;
		};
		D720F35122A12C8100165EA9 /* Debug */ = {
			isa = XCBuildConfiguration;
			buildSettings = {
				ASSETCATALOG_COMPILER_APPICON_NAME = AppIcon;
				CODE_SIGN_STYLE = Automatic;
				DEVELOPMENT_TEAM = 69G8BQ9KQW;
				INFOPLIST_FILE = ARSketch/Info.plist;
				LD_RUNPATH_SEARCH_PATHS = (
					"$(inherited)",
					"@executable_path/Frameworks",
				);
				PRODUCT_BUNDLE_IDENTIFIER = com.sxw.ARLearn;
				PRODUCT_NAME = "$(TARGET_NAME)";
				SWIFT_VERSION = 5.0;
				TARGETED_DEVICE_FAMILY = "1,2";
			};
			name = Debug;
		};
		D720F35222A12C8100165EA9 /* Release */ = {
			isa = XCBuildConfiguration;
			buildSettings = {
				ASSETCATALOG_COMPILER_APPICON_NAME = AppIcon;
				CODE_SIGN_STYLE = Automatic;
				DEVELOPMENT_TEAM = 69G8BQ9KQW;
				INFOPLIST_FILE = ARSketch/Info.plist;
				LD_RUNPATH_SEARCH_PATHS = (
					"$(inherited)",
					"@executable_path/Frameworks",
				);
				PRODUCT_BUNDLE_IDENTIFIER = com.sxw.ARLearn;
				PRODUCT_NAME = "$(TARGET_NAME)";
				SWIFT_VERSION = 5.0;
				TARGETED_DEVICE_FAMILY = "1,2";
			};
			name = Release;
		};
		D736DF6D229B867600C4FFC3 /* Debug */ = {
			isa = XCBuildConfiguration;
			buildSettings = {
				ALWAYS_SEARCH_USER_PATHS = NO;
				CLANG_ANALYZER_NONNULL = YES;
				CLANG_ANALYZER_NUMBER_OBJECT_CONVERSION = YES_AGGRESSIVE;
				CLANG_CXX_LANGUAGE_STANDARD = "gnu++14";
				CLANG_CXX_LIBRARY = "libc++";
				CLANG_ENABLE_MODULES = YES;
				CLANG_ENABLE_OBJC_ARC = YES;
				CLANG_ENABLE_OBJC_WEAK = YES;
				CLANG_WARN_BLOCK_CAPTURE_AUTORELEASING = YES;
				CLANG_WARN_BOOL_CONVERSION = YES;
				CLANG_WARN_COMMA = YES;
				CLANG_WARN_CONSTANT_CONVERSION = YES;
				CLANG_WARN_DEPRECATED_OBJC_IMPLEMENTATIONS = YES;
				CLANG_WARN_DIRECT_OBJC_ISA_USAGE = YES_ERROR;
				CLANG_WARN_DOCUMENTATION_COMMENTS = YES;
				CLANG_WARN_EMPTY_BODY = YES;
				CLANG_WARN_ENUM_CONVERSION = YES;
				CLANG_WARN_INFINITE_RECURSION = YES;
				CLANG_WARN_INT_CONVERSION = YES;
				CLANG_WARN_NON_LITERAL_NULL_CONVERSION = YES;
				CLANG_WARN_OBJC_IMPLICIT_RETAIN_SELF = YES;
				CLANG_WARN_OBJC_LITERAL_CONVERSION = YES;
				CLANG_WARN_OBJC_ROOT_CLASS = YES_ERROR;
				CLANG_WARN_RANGE_LOOP_ANALYSIS = YES;
				CLANG_WARN_STRICT_PROTOTYPES = YES;
				CLANG_WARN_SUSPICIOUS_MOVE = YES;
				CLANG_WARN_UNGUARDED_AVAILABILITY = YES_AGGRESSIVE;
				CLANG_WARN_UNREACHABLE_CODE = YES;
				CLANG_WARN__DUPLICATE_METHOD_MATCH = YES;
				CODE_SIGN_IDENTITY = "iPhone Developer";
				COPY_PHASE_STRIP = NO;
				DEBUG_INFORMATION_FORMAT = dwarf;
				ENABLE_STRICT_OBJC_MSGSEND = YES;
				ENABLE_TESTABILITY = YES;
				GCC_C_LANGUAGE_STANDARD = gnu11;
				GCC_DYNAMIC_NO_PIC = NO;
				GCC_NO_COMMON_BLOCKS = YES;
				GCC_OPTIMIZATION_LEVEL = 0;
				GCC_PREPROCESSOR_DEFINITIONS = (
					"DEBUG=1",
					"$(inherited)",
				);
				GCC_WARN_64_TO_32_BIT_CONVERSION = YES;
				GCC_WARN_ABOUT_RETURN_TYPE = YES_ERROR;
				GCC_WARN_UNDECLARED_SELECTOR = YES;
				GCC_WARN_UNINITIALIZED_AUTOS = YES_AGGRESSIVE;
				GCC_WARN_UNUSED_FUNCTION = YES;
				GCC_WARN_UNUSED_VARIABLE = YES;
				IPHONEOS_DEPLOYMENT_TARGET = 12.2;
				MTL_ENABLE_DEBUG_INFO = INCLUDE_SOURCE;
				MTL_FAST_MATH = YES;
				ONLY_ACTIVE_ARCH = YES;
				SDKROOT = iphoneos;
				SWIFT_ACTIVE_COMPILATION_CONDITIONS = DEBUG;
				SWIFT_OPTIMIZATION_LEVEL = "-Onone";
			};
			name = Debug;
		};
		D736DF6E229B867600C4FFC3 /* Release */ = {
			isa = XCBuildConfiguration;
			buildSettings = {
				ALWAYS_SEARCH_USER_PATHS = NO;
				CLANG_ANALYZER_NONNULL = YES;
				CLANG_ANALYZER_NUMBER_OBJECT_CONVERSION = YES_AGGRESSIVE;
				CLANG_CXX_LANGUAGE_STANDARD = "gnu++14";
				CLANG_CXX_LIBRARY = "libc++";
				CLANG_ENABLE_MODULES = YES;
				CLANG_ENABLE_OBJC_ARC = YES;
				CLANG_ENABLE_OBJC_WEAK = YES;
				CLANG_WARN_BLOCK_CAPTURE_AUTORELEASING = YES;
				CLANG_WARN_BOOL_CONVERSION = YES;
				CLANG_WARN_COMMA = YES;
				CLANG_WARN_CONSTANT_CONVERSION = YES;
				CLANG_WARN_DEPRECATED_OBJC_IMPLEMENTATIONS = YES;
				CLANG_WARN_DIRECT_OBJC_ISA_USAGE = YES_ERROR;
				CLANG_WARN_DOCUMENTATION_COMMENTS = YES;
				CLANG_WARN_EMPTY_BODY = YES;
				CLANG_WARN_ENUM_CONVERSION = YES;
				CLANG_WARN_INFINITE_RECURSION = YES;
				CLANG_WARN_INT_CONVERSION = YES;
				CLANG_WARN_NON_LITERAL_NULL_CONVERSION = YES;
				CLANG_WARN_OBJC_IMPLICIT_RETAIN_SELF = YES;
				CLANG_WARN_OBJC_LITERAL_CONVERSION = YES;
				CLANG_WARN_OBJC_ROOT_CLASS = YES_ERROR;
				CLANG_WARN_RANGE_LOOP_ANALYSIS = YES;
				CLANG_WARN_STRICT_PROTOTYPES = YES;
				CLANG_WARN_SUSPICIOUS_MOVE = YES;
				CLANG_WARN_UNGUARDED_AVAILABILITY = YES_AGGRESSIVE;
				CLANG_WARN_UNREACHABLE_CODE = YES;
				CLANG_WARN__DUPLICATE_METHOD_MATCH = YES;
				CODE_SIGN_IDENTITY = "iPhone Developer";
				COPY_PHASE_STRIP = NO;
				DEBUG_INFORMATION_FORMAT = "dwarf-with-dsym";
				ENABLE_NS_ASSERTIONS = NO;
				ENABLE_STRICT_OBJC_MSGSEND = YES;
				GCC_C_LANGUAGE_STANDARD = gnu11;
				GCC_NO_COMMON_BLOCKS = YES;
				GCC_WARN_64_TO_32_BIT_CONVERSION = YES;
				GCC_WARN_ABOUT_RETURN_TYPE = YES_ERROR;
				GCC_WARN_UNDECLARED_SELECTOR = YES;
				GCC_WARN_UNINITIALIZED_AUTOS = YES_AGGRESSIVE;
				GCC_WARN_UNUSED_FUNCTION = YES;
				GCC_WARN_UNUSED_VARIABLE = YES;
				IPHONEOS_DEPLOYMENT_TARGET = 12.2;
				MTL_ENABLE_DEBUG_INFO = NO;
				MTL_FAST_MATH = YES;
				SDKROOT = iphoneos;
				SWIFT_COMPILATION_MODE = wholemodule;
				SWIFT_OPTIMIZATION_LEVEL = "-O";
				VALIDATE_PRODUCT = YES;
			};
			name = Release;
		};
		D736DF70229B867700C4FFC3 /* Debug */ = {
			isa = XCBuildConfiguration;
			buildSettings = {
				ASSETCATALOG_COMPILER_APPICON_NAME = AppIcon;
				CODE_SIGN_STYLE = Automatic;
				DEVELOPMENT_TEAM = 69G8BQ9KQW;
				INFOPLIST_FILE = ARLearn/Info.plist;
				IPHONEOS_DEPLOYMENT_TARGET = 11.1;
				LD_RUNPATH_SEARCH_PATHS = (
					"$(inherited)",
					"@executable_path/Frameworks",
				);
				PRODUCT_BUNDLE_IDENTIFIER = com.sxw.ARLearn;
				PRODUCT_NAME = "$(TARGET_NAME)";
				SWIFT_VERSION = 5.0;
				TARGETED_DEVICE_FAMILY = "1,2";
			};
			name = Debug;
		};
		D736DF71229B867700C4FFC3 /* Release */ = {
			isa = XCBuildConfiguration;
			buildSettings = {
				ASSETCATALOG_COMPILER_APPICON_NAME = AppIcon;
				CODE_SIGN_STYLE = Automatic;
				DEVELOPMENT_TEAM = 69G8BQ9KQW;
				INFOPLIST_FILE = ARLearn/Info.plist;
				IPHONEOS_DEPLOYMENT_TARGET = 11.1;
				LD_RUNPATH_SEARCH_PATHS = (
					"$(inherited)",
					"@executable_path/Frameworks",
				);
				PRODUCT_BUNDLE_IDENTIFIER = com.sxw.ARLearn;
				PRODUCT_NAME = "$(TARGET_NAME)";
				SWIFT_VERSION = 5.0;
				TARGETED_DEVICE_FAMILY = "1,2";
			};
			name = Release;
		};
		D736DF88229B8A3000C4FFC3 /* Debug */ = {
			isa = XCBuildConfiguration;
			buildSettings = {
				ASSETCATALOG_COMPILER_APPICON_NAME = AppIcon;
				CODE_SIGN_STYLE = Automatic;
				DEVELOPMENT_TEAM = 69G8BQ9KQW;
				INFOPLIST_FILE = ARPokerDice/Info.plist;
				LD_RUNPATH_SEARCH_PATHS = (
					"$(inherited)",
					"@executable_path/Frameworks",
				);
				PRODUCT_BUNDLE_IDENTIFIER = com.sxw.ARPokerDice;
				PRODUCT_NAME = "$(TARGET_NAME)";
				SWIFT_VERSION = 5.0;
				TARGETED_DEVICE_FAMILY = "1,2";
			};
			name = Debug;
		};
		D736DF89229B8A3000C4FFC3 /* Release */ = {
			isa = XCBuildConfiguration;
			buildSettings = {
				ASSETCATALOG_COMPILER_APPICON_NAME = AppIcon;
				CODE_SIGN_STYLE = Automatic;
				DEVELOPMENT_TEAM = 69G8BQ9KQW;
				INFOPLIST_FILE = ARPokerDice/Info.plist;
				LD_RUNPATH_SEARCH_PATHS = (
					"$(inherited)",
					"@executable_path/Frameworks",
				);
				PRODUCT_BUNDLE_IDENTIFIER = com.sxw.ARPokerDice;
				PRODUCT_NAME = "$(TARGET_NAME)";
				SWIFT_VERSION = 5.0;
				TARGETED_DEVICE_FAMILY = "1,2";
			};
			name = Release;
		};
		D79F72DE229D217E00951FC8 /* Debug */ = {
			isa = XCBuildConfiguration;
			buildSettings = {
				ASSETCATALOG_COMPILER_APPICON_NAME = AppIcon;
				CODE_SIGN_STYLE = Automatic;
				DEVELOPMENT_TEAM = 69G8BQ9KQW;
				INFOPLIST_FILE = Portal/Info.plist;
				IPHONEOS_DEPLOYMENT_TARGET = 11.0;
				LD_RUNPATH_SEARCH_PATHS = (
					"$(inherited)",
					"@executable_path/Frameworks",
				);
				PRODUCT_BUNDLE_IDENTIFIER = com.sxw.Portal;
				PRODUCT_NAME = "$(TARGET_NAME)";
				SWIFT_VERSION = 5.0;
				TARGETED_DEVICE_FAMILY = "1,2";
			};
			name = Debug;
		};
		D79F72DF229D217E00951FC8 /* Release */ = {
			isa = XCBuildConfiguration;
			buildSettings = {
				ASSETCATALOG_COMPILER_APPICON_NAME = AppIcon;
				CODE_SIGN_STYLE = Automatic;
				DEVELOPMENT_TEAM = 69G8BQ9KQW;
				INFOPLIST_FILE = Portal/Info.plist;
				IPHONEOS_DEPLOYMENT_TARGET = 11.0;
				LD_RUNPATH_SEARCH_PATHS = (
					"$(inherited)",
					"@executable_path/Frameworks",
				);
				PRODUCT_BUNDLE_IDENTIFIER = com.sxw.Portal;
				PRODUCT_NAME = "$(TARGET_NAME)";
				SWIFT_VERSION = 5.0;
				TARGETED_DEVICE_FAMILY = "1,2";
			};
			name = Release;
		};
		D7B8C791229BE25A0060DC59 /* Debug */ = {
			isa = XCBuildConfiguration;
			buildSettings = {
				ASSETCATALOG_COMPILER_APPICON_NAME = AppIcon;
				CODE_SIGN_STYLE = Automatic;
				DEVELOPMENT_TEAM = 69G8BQ9KQW;
				INFOPLIST_FILE = PBREarth/Info.plist;
				LD_RUNPATH_SEARCH_PATHS = (
					"$(inherited)",
					"@executable_path/Frameworks",
				);
				PRODUCT_BUNDLE_IDENTIFIER = com.sxw.PBREarth;
				PRODUCT_NAME = "$(TARGET_NAME)";
				SWIFT_VERSION = 5.0;
				TARGETED_DEVICE_FAMILY = "1,2";
			};
			name = Debug;
		};
		D7B8C792229BE25A0060DC59 /* Release */ = {
			isa = XCBuildConfiguration;
			buildSettings = {
				ASSETCATALOG_COMPILER_APPICON_NAME = AppIcon;
				CODE_SIGN_STYLE = Automatic;
				DEVELOPMENT_TEAM = 69G8BQ9KQW;
				INFOPLIST_FILE = PBREarth/Info.plist;
				LD_RUNPATH_SEARCH_PATHS = (
					"$(inherited)",
					"@executable_path/Frameworks",
				);
				PRODUCT_BUNDLE_IDENTIFIER = com.sxw.PBREarth;
				PRODUCT_NAME = "$(TARGET_NAME)";
				SWIFT_VERSION = 5.0;
				TARGETED_DEVICE_FAMILY = "1,2";
			};
			name = Release;
		};
/* End XCBuildConfiguration section */

/* Begin XCConfigurationList section */
		D720F30D229F7A4100165EA9 /* Build configuration list for PBXNativeTarget "ARMonsterTruck" */ = {
			isa = XCConfigurationList;
			buildConfigurations = (
				D720F30B229F7A4100165EA9 /* Debug */,
				D720F30C229F7A4100165EA9 /* Release */,
			);
			defaultConfigurationIsVisible = 0;
			defaultConfigurationName = Release;
		};
		D720F35322A12C8100165EA9 /* Build configuration list for PBXNativeTarget "ARSketch" */ = {
			isa = XCConfigurationList;
			buildConfigurations = (
				D720F35122A12C8100165EA9 /* Debug */,
				D720F35222A12C8100165EA9 /* Release */,
			);
			defaultConfigurationIsVisible = 0;
			defaultConfigurationName = Release;
		};
		D736DF58229B867600C4FFC3 /* Build configuration list for PBXProject "ARLearn" */ = {
			isa = XCConfigurationList;
			buildConfigurations = (
				D736DF6D229B867600C4FFC3 /* Debug */,
				D736DF6E229B867600C4FFC3 /* Release */,
			);
			defaultConfigurationIsVisible = 0;
			defaultConfigurationName = Release;
		};
		D736DF6F229B867700C4FFC3 /* Build configuration list for PBXNativeTarget "ARLearn" */ = {
			isa = XCConfigurationList;
			buildConfigurations = (
				D736DF70229B867700C4FFC3 /* Debug */,
				D736DF71229B867700C4FFC3 /* Release */,
			);
			defaultConfigurationIsVisible = 0;
			defaultConfigurationName = Release;
		};
		D736DF87229B8A3000C4FFC3 /* Build configuration list for PBXNativeTarget "ARPokerDice" */ = {
			isa = XCConfigurationList;
			buildConfigurations = (
				D736DF88229B8A3000C4FFC3 /* Debug */,
				D736DF89229B8A3000C4FFC3 /* Release */,
			);
			defaultConfigurationIsVisible = 0;
			defaultConfigurationName = Release;
		};
		D79F72E0229D217E00951FC8 /* Build configuration list for PBXNativeTarget "Portal" */ = {
			isa = XCConfigurationList;
			buildConfigurations = (
				D79F72DE229D217E00951FC8 /* Debug */,
				D79F72DF229D217E00951FC8 /* Release */,
			);
			defaultConfigurationIsVisible = 0;
			defaultConfigurationName = Release;
		};
		D7B8C793229BE25A0060DC59 /* Build configuration list for PBXNativeTarget "PBREarth" */ = {
			isa = XCConfigurationList;
			buildConfigurations = (
				D7B8C791229BE25A0060DC59 /* Debug */,
				D7B8C792229BE25A0060DC59 /* Release */,
			);
			defaultConfigurationIsVisible = 0;
			defaultConfigurationName = Release;
		};
/* End XCConfigurationList section */
	};
	rootObject = D736DF55229B867600C4FFC3 /* Project object */;
}
