// !$*UTF8*$!
{
	archiveVersion = 1;
	classes = {
	};
	objectVersion = 50;
	objects = {

/* Begin PBXBuildFile section */
		D736DF61229B867600C4FFC3 /* AppDelegate.swift in Sources */ = {isa = PBXBuildFile; fileRef = D736DF60229B867600C4FFC3 /* AppDelegate.swift */; };
		D736DF63229B867600C4FFC3 /* ViewController.swift in Sources */ = {isa = PBXBuildFile; fileRef = D736DF62229B867600C4FFC3 /* ViewController.swift */; };
		D736DF66229B867600C4FFC3 /* Main.storyboard in Resources */ = {isa = PBXBuildFile; fileRef = D736DF64229B867600C4FFC3 /* Main.storyboard */; };
		D736DF68229B867600C4FFC3 /* Assets.xcassets in Resources */ = {isa = PBXBuildFile; fileRef = D736DF67229B867600C4FFC3 /* Assets.xcassets */; };
		D736DF6B229B867600C4FFC3 /* LaunchScreen.storyboard in Resources */ = {isa = PBXBuildFile; fileRef = D736DF69229B867600C4FFC3 /* LaunchScreen.storyboard */; };
		D736DF79229B8A2F00C4FFC3 /* AppDelegate.swift in Sources */ = {isa = PBXBuildFile; fileRef = D736DF78229B8A2F00C4FFC3 /* AppDelegate.swift */; };
		D736DF7D229B8A2F00C4FFC3 /* PokerDiceViewController.swift in Sources */ = {isa = PBXBuildFile; fileRef = D736DF7C229B8A2F00C4FFC3 /* PokerDiceViewController.swift */; };
		D736DF80229B8A2F00C4FFC3 /* Main.storyboard in Resources */ = {isa = PBXBuildFile; fileRef = D736DF7E229B8A2F00C4FFC3 /* Main.storyboard */; };
		D736DF82229B8A3000C4FFC3 /* Assets.xcassets in Resources */ = {isa = PBXBuildFile; fileRef = D736DF81229B8A3000C4FFC3 /* Assets.xcassets */; };
		D736DF85229B8A3000C4FFC3 /* LaunchScreen.storyboard in Resources */ = {isa = PBXBuildFile; fileRef = D736DF83229B8A3000C4FFC3 /* LaunchScreen.storyboard */; };
		D736DF8B229B911E00C4FFC3 /* PokerDice.scnassets in Resources */ = {isa = PBXBuildFile; fileRef = D736DF8A229B911E00C4FFC3 /* PokerDice.scnassets */; };
		D7B8C783229BE2590060DC59 /* AppDelegate.swift in Sources */ = {isa = PBXBuildFile; fileRef = D7B8C782229BE2590060DC59 /* AppDelegate.swift */; };
		D7B8C785229BE2590060DC59 /* art.scnassets in Resources */ = {isa = PBXBuildFile; fileRef = D7B8C784229BE2590060DC59 /* art.scnassets */; };
		D7B8C787229BE2590060DC59 /* ViewController.swift in Sources */ = {isa = PBXBuildFile; fileRef = D7B8C786229BE2590060DC59 /* ViewController.swift */; };
		D7B8C78A229BE2590060DC59 /* Main.storyboard in Resources */ = {isa = PBXBuildFile; fileRef = D7B8C788229BE2590060DC59 /* Main.storyboard */; };
		D7B8C78C229BE25A0060DC59 /* Assets.xcassets in Resources */ = {isa = PBXBuildFile; fileRef = D7B8C78B229BE25A0060DC59 /* Assets.xcassets */; };
		D7B8C78F229BE25A0060DC59 /* LaunchScreen.storyboard in Resources */ = {isa = PBXBuildFile; fileRef = D7B8C78D229BE25A0060DC59 /* LaunchScreen.storyboard */; };
/* End PBXBuildFile section */

/* Begin PBXFileReference section */
		D736DF5D229B867600C4FFC3 /* ARLearn.app */ = {isa = PBXFileReference; explicitFileType = wrapper.application; includeInIndex = 0; path = ARLearn.app; sourceTree = BUILT_PRODUCTS_DIR; };
		D736DF60229B867600C4FFC3 /* AppDelegate.swift */ = {isa = PBXFileReference; lastKnownFileType = sourcecode.swift; path = AppDelegate.swift; sourceTree = "<group>"; };
		D736DF62229B867600C4FFC3 /* ViewController.swift */ = {isa = PBXFileReference; lastKnownFileType = sourcecode.swift; path = ViewController.swift; sourceTree = "<group>"; };
		D736DF65229B867600C4FFC3 /* Base */ = {isa = PBXFileReference; lastKnownFileType = file.storyboard; name = Base; path = Base.lproj/Main.storyboard; sourceTree = "<group>"; };
		D736DF67229B867600C4FFC3 /* Assets.xcassets */ = {isa = PBXFileReference; lastKnownFileType = folder.assetcatalog; path = Assets.xcassets; sourceTree = "<group>"; };
		D736DF6A229B867600C4FFC3 /* Base */ = {isa = PBXFileReference; lastKnownFileType = file.storyboard; name = Base; path = Base.lproj/LaunchScreen.storyboard; sourceTree = "<group>"; };
		D736DF6C229B867600C4FFC3 /* Info.plist */ = {isa = PBXFileReference; lastKnownFileType = text.plist.xml; path = Info.plist; sourceTree = "<group>"; };
		D736DF76229B8A2F00C4FFC3 /* ARPokerDice.app */ = {isa = PBXFileReference; explicitFileType = wrapper.application; includeInIndex = 0; path = ARPokerDice.app; sourceTree = BUILT_PRODUCTS_DIR; };
		D736DF78229B8A2F00C4FFC3 /* AppDelegate.swift */ = {isa = PBXFileReference; lastKnownFileType = sourcecode.swift; path = AppDelegate.swift; sourceTree = "<group>"; };
		D736DF7C229B8A2F00C4FFC3 /* PokerDiceViewController.swift */ = {isa = PBXFileReference; lastKnownFileType = sourcecode.swift; path = PokerDiceViewController.swift; sourceTree = "<group>"; };
		D736DF7F229B8A2F00C4FFC3 /* Base */ = {isa = PBXFileReference; lastKnownFileType = file.storyboard; name = Base; path = Base.lproj/Main.storyboard; sourceTree = "<group>"; };
		D736DF81229B8A3000C4FFC3 /* Assets.xcassets */ = {isa = PBXFileReference; lastKnownFileType = folder.assetcatalog; path = Assets.xcassets; sourceTree = "<group>"; };
		D736DF84229B8A3000C4FFC3 /* Base */ = {isa = PBXFileReference; lastKnownFileType = file.storyboard; name = Base; path = Base.lproj/LaunchScreen.storyboard; sourceTree = "<group>"; };
		D736DF86229B8A3000C4FFC3 /* Info.plist */ = {isa = PBXFileReference; lastKnownFileType = text.plist.xml; path = Info.plist; sourceTree = "<group>"; };
		D736DF8A229B911E00C4FFC3 /* PokerDice.scnassets */ = {isa = PBXFileReference; lastKnownFileType = wrapper.scnassets; path = PokerDice.scnassets; sourceTree = "<group>"; };
		D7B8C780229BE2590060DC59 /* PBREarth.app */ = {isa = PBXFileReference; explicitFileType = wrapper.application; includeInIndex = 0; path = PBREarth.app; sourceTree = BUILT_PRODUCTS_DIR; };
		D7B8C782229BE2590060DC59 /* AppDelegate.swift */ = {isa = PBXFileReference; lastKnownFileType = sourcecode.swift; path = AppDelegate.swift; sourceTree = "<group>"; };
		D7B8C784229BE2590060DC59 /* art.scnassets */ = {isa = PBXFileReference; lastKnownFileType = wrapper.scnassets; path = art.scnassets; sourceTree = "<group>"; };
		D7B8C786229BE2590060DC59 /* ViewController.swift */ = {isa = PBXFileReference; lastKnownFileType = sourcecode.swift; path = ViewController.swift; sourceTree = "<group>"; };
		D7B8C789229BE2590060DC59 /* Base */ = {isa = PBXFileReference; lastKnownFileType = file.storyboard; name = Base; path = Base.lproj/Main.storyboard; sourceTree = "<group>"; };
		D7B8C78B229BE25A0060DC59 /* Assets.xcassets */ = {isa = PBXFileReference; lastKnownFileType = folder.assetcatalog; path = Assets.xcassets; sourceTree = "<group>"; };
		D7B8C78E229BE25A0060DC59 /* Base */ = {isa = PBXFileReference; lastKnownFileType = file.storyboard; name = Base; path = Base.lproj/LaunchScreen.storyboard; sourceTree = "<group>"; };
		D7B8C790229BE25A0060DC59 /* Info.plist */ = {isa = PBXFileReference; lastKnownFileType = text.plist.xml; path = Info.plist; sourceTree = "<group>"; };
/* End PBXFileReference section */

/* Begin PBXFrameworksBuildPhase section */
		D736DF5A229B867600C4FFC3 /* Frameworks */ = {
			isa = PBXFrameworksBuildPhase;
			buildActionMask = 2147483647;
			files = (
			);
			runOnlyForDeploymentPostprocessing = 0;
		};
		D736DF73229B8A2F00C4FFC3 /* Frameworks */ = {
			isa = PBXFrameworksBuildPhase;
			buildActionMask = 2147483647;
			files = (
			);
			runOnlyForDeploymentPostprocessing = 0;
		};
		D7B8C77D229BE2590060DC59 /* Frameworks */ = {
			isa = PBXFrameworksBuildPhase;
			buildActionMask = 2147483647;
			files = (
			);
			runOnlyForDeploymentPostprocessing = 0;
		};
/* End PBXFrameworksBuildPhase section */

/* Begin PBXGroup section */
		D736DF54229B867600C4FFC3 = {
			isa = PBXGroup;
			children = (
				D736DF5F229B867600C4FFC3 /* ARLearn */,
				D736DF77229B8A2F00C4FFC3 /* ARPokerDice */,
				D7B8C781229BE2590060DC59 /* PBREarth */,
				D736DF5E229B867600C4FFC3 /* Products */,
			);
			sourceTree = "<group>";
		};
		D736DF5E229B867600C4FFC3 /* Products */ = {
			isa = PBXGroup;
			children = (
				D736DF5D229B867600C4FFC3 /* ARLearn.app */,
				D736DF76229B8A2F00C4FFC3 /* ARPokerDice.app */,
				D7B8C780229BE2590060DC59 /* PBREarth.app */,
			);
			name = Products;
			sourceTree = "<group>";
		};
		D736DF5F229B867600C4FFC3 /* ARLearn */ = {
			isa = PBXGroup;
			children = (
				D736DF60229B867600C4FFC3 /* AppDelegate.swift */,
				D736DF62229B867600C4FFC3 /* ViewController.swift */,
				D736DF64229B867600C4FFC3 /* Main.storyboard */,
				D736DF67229B867600C4FFC3 /* Assets.xcassets */,
				D736DF69229B867600C4FFC3 /* LaunchScreen.storyboard */,
				D736DF6C229B867600C4FFC3 /* Info.plist */,
			);
			path = ARLearn;
			sourceTree = "<group>";
		};
		D736DF77229B8A2F00C4FFC3 /* ARPokerDice */ = {
			isa = PBXGroup;
			children = (
				D736DF8A229B911E00C4FFC3 /* PokerDice.scnassets */,
				D736DF78229B8A2F00C4FFC3 /* AppDelegate.swift */,
				D736DF7C229B8A2F00C4FFC3 /* PokerDiceViewController.swift */,
				D736DF7E229B8A2F00C4FFC3 /* Main.storyboard */,
				D736DF81229B8A3000C4FFC3 /* Assets.xcassets */,
				D736DF83229B8A3000C4FFC3 /* LaunchScreen.storyboard */,
				D736DF86229B8A3000C4FFC3 /* Info.plist */,
			);
			path = ARPokerDice;
			sourceTree = "<group>";
		};
		D7B8C781229BE2590060DC59 /* PBREarth */ = {
			isa = PBXGroup;
			children = (
				D7B8C782229BE2590060DC59 /* AppDelegate.swift */,
				D7B8C784229BE2590060DC59 /* art.scnassets */,
				D7B8C786229BE2590060DC59 /* ViewController.swift */,
				D7B8C788229BE2590060DC59 /* Main.storyboard */,
				D7B8C78B229BE25A0060DC59 /* Assets.xcassets */,
				D7B8C78D229BE25A0060DC59 /* LaunchScreen.storyboard */,
				D7B8C790229BE25A0060DC59 /* Info.plist */,
			);
			path = PBREarth;
			sourceTree = "<group>";
		};
/* End PBXGroup section */

/* Begin PBXNativeTarget section */
		D736DF5C229B867600C4FFC3 /* ARLearn */ = {
			isa = PBXNativeTarget;
			buildConfigurationList = D736DF6F229B867700C4FFC3 /* Build configuration list for PBXNativeTarget "ARLearn" */;
			buildPhases = (
				D736DF59229B867600C4FFC3 /* Sources */,
				D736DF5A229B867600C4FFC3 /* Frameworks */,
				D736DF5B229B867600C4FFC3 /* Resources */,
			);
			buildRules = (
			);
			dependencies = (
			);
			name = ARLearn;
			productName = ARLearn;
			productReference = D736DF5D229B867600C4FFC3 /* ARLearn.app */;
			productType = "com.apple.product-type.application";
		};
		D736DF75229B8A2F00C4FFC3 /* ARPokerDice */ = {
			isa = PBXNativeTarget;
			buildConfigurationList = D736DF87229B8A3000C4FFC3 /* Build configuration list for PBXNativeTarget "ARPokerDice" */;
			buildPhases = (
				D736DF72229B8A2F00C4FFC3 /* Sources */,
				D736DF73229B8A2F00C4FFC3 /* Frameworks */,
				D736DF74229B8A2F00C4FFC3 /* Resources */,
			);
			buildRules = (
			);
			dependencies = (
			);
			name = ARPokerDice;
			productName = ARPokerDice;
			productReference = D736DF76229B8A2F00C4FFC3 /* ARPokerDice.app */;
			productType = "com.apple.product-type.application";
		};
		D7B8C77F229BE2590060DC59 /* PBREarth */ = {
			isa = PBXNativeTarget;
			buildConfigurationList = D7B8C793229BE25A0060DC59 /* Build configuration list for PBXNativeTarget "PBREarth" */;
			buildPhases = (
				D7B8C77C229BE2590060DC59 /* Sources */,
				D7B8C77D229BE2590060DC59 /* Frameworks */,
				D7B8C77E229BE2590060DC59 /* Resources */,
			);
			buildRules = (
			);
			dependencies = (
			);
			name = PBREarth;
			productName = PBREarth;
			productReference = D7B8C780229BE2590060DC59 /* PBREarth.app */;
			productType = "com.apple.product-type.application";
		};
/* End PBXNativeTarget section */

/* Begin PBXProject section */
		D736DF55229B867600C4FFC3 /* Project object */ = {
			isa = PBXProject;
			attributes = {
				LastSwiftUpdateCheck = 1020;
				LastUpgradeCheck = 1020;
				ORGANIZATIONNAME = shaoshuai;
				TargetAttributes = {
					D736DF5C229B867600C4FFC3 = {
						CreatedOnToolsVersion = 10.2.1;
					};
					D736DF75229B8A2F00C4FFC3 = {
						CreatedOnToolsVersion = 10.2.1;
					};
					D7B8C77F229BE2590060DC59 = {
						CreatedOnToolsVersion = 10.2.1;
					};
				};
			};
			buildConfigurationList = D736DF58229B867600C4FFC3 /* Build configuration list for PBXProject "ARLearn" */;
			compatibilityVersion = "Xcode 9.3";
			developmentRegion = en;
			hasScannedForEncodings = 0;
			knownRegions = (
				en,
				Base,
			);
			mainGroup = D736DF54229B867600C4FFC3;
			productRefGroup = D736DF5E229B867600C4FFC3 /* Products */;
			projectDirPath = "";
			projectRoot = "";
			targets = (
				D736DF5C229B867600C4FFC3 /* ARLearn */,
				D736DF75229B8A2F00C4FFC3 /* ARPokerDice */,
				D7B8C77F229BE2590060DC59 /* PBREarth */,
			);
		};
/* End PBXProject section */

/* Begin PBXResourcesBuildPhase section */
		D736DF5B229B867600C4FFC3 /* Resources */ = {
			isa = PBXResourcesBuildPhase;
			buildActionMask = 2147483647;
			files = (
				D736DF6B229B867600C4FFC3 /* LaunchScreen.storyboard in Resources */,
				D736DF68229B867600C4FFC3 /* Assets.xcassets in Resources */,
				D736DF66229B867600C4FFC3 /* Main.storyboard in Resources */,
			);
			runOnlyForDeploymentPostprocessing = 0;
		};
		D736DF74229B8A2F00C4FFC3 /* Resources */ = {
			isa = PBXResourcesBuildPhase;
			buildActionMask = 2147483647;
			files = (
				D736DF8B229B911E00C4FFC3 /* PokerDice.scnassets in Resources */,
				D736DF85229B8A3000C4FFC3 /* LaunchScreen.storyboard in Resources */,
				D736DF82229B8A3000C4FFC3 /* Assets.xcassets in Resources */,
				D736DF80229B8A2F00C4FFC3 /* Main.storyboard in Resources */,
			);
			runOnlyForDeploymentPostprocessing = 0;
		};
		D7B8C77E229BE2590060DC59 /* Resources */ = {
			isa = PBXResourcesBuildPhase;
			buildActionMask = 2147483647;
			files = (
				D7B8C785229BE2590060DC59 /* art.scnassets in Resources */,
				D7B8C78F229BE25A0060DC59 /* LaunchScreen.storyboard in Resources */,
				D7B8C78C229BE25A0060DC59 /* Assets.xcassets in Resources */,
				D7B8C78A229BE2590060DC59 /* Main.storyboard in Resources */,
			);
			runOnlyForDeploymentPostprocessing = 0;
		};
/* End PBXResourcesBuildPhase section */

/* Begin PBXSourcesBuildPhase section */
		D736DF59229B867600C4FFC3 /* Sources */ = {
			isa = PBXSourcesBuildPhase;
			buildActionMask = 2147483647;
			files = (
				D736DF63229B867600C4FFC3 /* ViewController.swift in Sources */,
				D736DF61229B867600C4FFC3 /* AppDelegate.swift in Sources */,
			);
			runOnlyForDeploymentPostprocessing = 0;
		};
		D736DF72229B8A2F00C4FFC3 /* Sources */ = {
			isa = PBXSourcesBuildPhase;
			buildActionMask = 2147483647;
			files = (
				D736DF7D229B8A2F00C4FFC3 /* PokerDiceViewController.swift in Sources */,
				D736DF79229B8A2F00C4FFC3 /* AppDelegate.swift in Sources */,
			);
			runOnlyForDeploymentPostprocessing = 0;
		};
		D7B8C77C229BE2590060DC59 /* Sources */ = {
			isa = PBXSourcesBuildPhase;
			buildActionMask = 2147483647;
			files = (
				D7B8C787229BE2590060DC59 /* ViewController.swift in Sources */,
				D7B8C783229BE2590060DC59 /* AppDelegate.swift in Sources */,
			);
			runOnlyForDeploymentPostprocessing = 0;
		};
/* End PBXSourcesBuildPhase section */

/* Begin PBXVariantGroup section */
		D736DF64229B867600C4FFC3 /* Main.storyboard */ = {
			isa = PBXVariantGroup;
			children = (
				D736DF65229B867600C4FFC3 /* Base */,
			);
			name = Main.storyboard;
			sourceTree = "<group>";
		};
		D736DF69229B867600C4FFC3 /* LaunchScreen.storyboard */ = {
			isa = PBXVariantGroup;
			children = (
				D736DF6A229B867600C4FFC3 /* Base */,
			);
			name = LaunchScreen.storyboard;
			sourceTree = "<group>";
		};
		D736DF7E229B8A2F00C4FFC3 /* Main.storyboard */ = {
			isa = PBXVariantGroup;
			children = (
				D736DF7F229B8A2F00C4FFC3 /* Base */,
			);
			name = Main.storyboard;
			sourceTree = "<group>";
		};
		D736DF83229B8A3000C4FFC3 /* LaunchScreen.storyboard */ = {
			isa = PBXVariantGroup;
			children = (
				D736DF84229B8A3000C4FFC3 /* Base */,
			);
			name = LaunchScreen.storyboard;
			sourceTree = "<group>";
		};
		D7B8C788229BE2590060DC59 /* Main.storyboard */ = {
			isa = PBXVariantGroup;
			children = (
				D7B8C789229BE2590060DC59 /* Base */,
			);
			name = Main.storyboard;
			sourceTree = "<group>";
		};
		D7B8C78D229BE25A0060DC59 /* LaunchScreen.storyboard */ = {
			isa = PBXVariantGroup;
			children = (
				D7B8C78E229BE25A0060DC59 /* Base */,
			);
			name = LaunchScreen.storyboard;
			sourceTree = "<group>";
		};
/* End PBXVariantGroup section */

/* Begin XCBuildConfiguration section */
		D736DF6D229B867600C4FFC3 /* Debug */ = {
			isa = XCBuildConfiguration;
			buildSettings = {
				ALWAYS_SEARCH_USER_PATHS = NO;
				CLANG_ANALYZER_NONNULL = YES;
				CLANG_ANALYZER_NUMBER_OBJECT_CONVERSION = YES_AGGRESSIVE;
				CLANG_CXX_LANGUAGE_STANDARD = "gnu++14";
				CLANG_CXX_LIBRARY = "libc++";
				CLANG_ENABLE_MODULES = YES;
				CLANG_ENABLE_OBJC_ARC = YES;
				CLANG_ENABLE_OBJC_WEAK = YES;
				CLANG_WARN_BLOCK_CAPTURE_AUTORELEASING = YES;
				CLANG_WARN_BOOL_CONVERSION = YES;
				CLANG_WARN_COMMA = YES;
				CLANG_WARN_CONSTANT_CONVERSION = YES;
				CLANG_WARN_DEPRECATED_OBJC_IMPLEMENTATIONS = YES;
				CLANG_WARN_DIRECT_OBJC_ISA_USAGE = YES_ERROR;
				CLANG_WARN_DOCUMENTATION_COMMENTS = YES;
				CLANG_WARN_EMPTY_BODY = YES;
				CLANG_WARN_ENUM_CONVERSION = YES;
				CLANG_WARN_INFINITE_RECURSION = YES;
				CLANG_WARN_INT_CONVERSION = YES;
				CLANG_WARN_NON_LITERAL_NULL_CONVERSION = YES;
				CLANG_WARN_OBJC_IMPLICIT_RETAIN_SELF = YES;
				CLANG_WARN_OBJC_LITERAL_CONVERSION = YES;
				CLANG_WARN_OBJC_ROOT_CLASS = YES_ERROR;
				CLANG_WARN_RANGE_LOOP_ANALYSIS = YES;
				CLANG_WARN_STRICT_PROTOTYPES = YES;
				CLANG_WARN_SUSPICIOUS_MOVE = YES;
				CLANG_WARN_UNGUARDED_AVAILABILITY = YES_AGGRESSIVE;
				CLANG_WARN_UNREACHABLE_CODE = YES;
				CLANG_WARN__DUPLICATE_METHOD_MATCH = YES;
				CODE_SIGN_IDENTITY = "iPhone Developer";
				COPY_PHASE_STRIP = NO;
				DEBUG_INFORMATION_FORMAT = dwarf;
				ENABLE_STRICT_OBJC_MSGSEND = YES;
				ENABLE_TESTABILITY = YES;
				GCC_C_LANGUAGE_STANDARD = gnu11;
				GCC_DYNAMIC_NO_PIC = NO;
				GCC_NO_COMMON_BLOCKS = YES;
				GCC_OPTIMIZATION_LEVEL = 0;
				GCC_PREPROCESSOR_DEFINITIONS = (
					"DEBUG=1",
					"$(inherited)",
				);
				GCC_WARN_64_TO_32_BIT_CONVERSION = YES;
				GCC_WARN_ABOUT_RETURN_TYPE = YES_ERROR;
				GCC_WARN_UNDECLARED_SELECTOR = YES;
				GCC_WARN_UNINITIALIZED_AUTOS = YES_AGGRESSIVE;
				GCC_WARN_UNUSED_FUNCTION = YES;
				GCC_WARN_UNUSED_VARIABLE = YES;
				IPHONEOS_DEPLOYMENT_TARGET = 12.2;
				MTL_ENABLE_DEBUG_INFO = INCLUDE_SOURCE;
				MTL_FAST_MATH = YES;
				ONLY_ACTIVE_ARCH = YES;
				SDKROOT = iphoneos;
				SWIFT_ACTIVE_COMPILATION_CONDITIONS = DEBUG;
				SWIFT_OPTIMIZATION_LEVEL = "-Onone";
			};
			name = Debug;
		};
		D736DF6E229B867600C4FFC3 /* Release */ = {
			isa = XCBuildConfiguration;
			buildSettings = {
				ALWAYS_SEARCH_USER_PATHS = NO;
				CLANG_ANALYZER_NONNULL = YES;
				CLANG_ANALYZER_NUMBER_OBJECT_CONVERSION = YES_AGGRESSIVE;
				CLANG_CXX_LANGUAGE_STANDARD = "gnu++14";
				CLANG_CXX_LIBRARY = "libc++";
				CLANG_ENABLE_MODULES = YES;
				CLANG_ENABLE_OBJC_ARC = YES;
				CLANG_ENABLE_OBJC_WEAK = YES;
				CLANG_WARN_BLOCK_CAPTURE_AUTORELEASING = YES;
				CLANG_WARN_BOOL_CONVERSION = YES;
				CLANG_WARN_COMMA = YES;
				CLANG_WARN_CONSTANT_CONVERSION = YES;
				CLANG_WARN_DEPRECATED_OBJC_IMPLEMENTATIONS = YES;
				CLANG_WARN_DIRECT_OBJC_ISA_USAGE = YES_ERROR;
				CLANG_WARN_DOCUMENTATION_COMMENTS = YES;
				CLANG_WARN_EMPTY_BODY = YES;
				CLANG_WARN_ENUM_CONVERSION = YES;
				CLANG_WARN_INFINITE_RECURSION = YES;
				CLANG_WARN_INT_CONVERSION = YES;
				CLANG_WARN_NON_LITERAL_NULL_CONVERSION = YES;
				CLANG_WARN_OBJC_IMPLICIT_RETAIN_SELF = YES;
				CLANG_WARN_OBJC_LITERAL_CONVERSION = YES;
				CLANG_WARN_OBJC_ROOT_CLASS = YES_ERROR;
				CLANG_WARN_RANGE_LOOP_ANALYSIS = YES;
				CLANG_WARN_STRICT_PROTOTYPES = YES;
				CLANG_WARN_SUSPICIOUS_MOVE = YES;
				CLANG_WARN_UNGUARDED_AVAILABILITY = YES_AGGRESSIVE;
				CLANG_WARN_UNREACHABLE_CODE = YES;
				CLANG_WARN__DUPLICATE_METHOD_MATCH = YES;
				CODE_SIGN_IDENTITY = "iPhone Developer";
				COPY_PHASE_STRIP = NO;
				DEBUG_INFORMATION_FORMAT = "dwarf-with-dsym";
				ENABLE_NS_ASSERTIONS = NO;
				ENABLE_STRICT_OBJC_MSGSEND = YES;
				GCC_C_LANGUAGE_STANDARD = gnu11;
				GCC_NO_COMMON_BLOCKS = YES;
				GCC_WARN_64_TO_32_BIT_CONVERSION = YES;
				GCC_WARN_ABOUT_RETURN_TYPE = YES_ERROR;
				GCC_WARN_UNDECLARED_SELECTOR = YES;
				GCC_WARN_UNINITIALIZED_AUTOS = YES_AGGRESSIVE;
				GCC_WARN_UNUSED_FUNCTION = YES;
				GCC_WARN_UNUSED_VARIABLE = YES;
				IPHONEOS_DEPLOYMENT_TARGET = 12.2;
				MTL_ENABLE_DEBUG_INFO = NO;
				MTL_FAST_MATH = YES;
				SDKROOT = iphoneos;
				SWIFT_COMPILATION_MODE = wholemodule;
				SWIFT_OPTIMIZATION_LEVEL = "-O";
				VALIDATE_PRODUCT = YES;
			};
			name = Release;
		};
		D736DF70229B867700C4FFC3 /* Debug */ = {
			isa = XCBuildConfiguration;
			buildSettings = {
				ASSETCATALOG_COMPILER_APPICON_NAME = AppIcon;
				CODE_SIGN_STYLE = Automatic;
				DEVELOPMENT_TEAM = 69G8BQ9KQW;
				INFOPLIST_FILE = ARLearn/Info.plist;
				IPHONEOS_DEPLOYMENT_TARGET = 11.1;
				LD_RUNPATH_SEARCH_PATHS = (
					"$(inherited)",
					"@executable_path/Frameworks",
				);
				PRODUCT_BUNDLE_IDENTIFIER = com.sxw.ARLearn;
				PRODUCT_NAME = "$(TARGET_NAME)";
				SWIFT_VERSION = 5.0;
				TARGETED_DEVICE_FAMILY = "1,2";
			};
			name = Debug;
		};
		D736DF71229B867700C4FFC3 /* Release */ = {
			isa = XCBuildConfiguration;
			buildSettings = {
				ASSETCATALOG_COMPILER_APPICON_NAME = AppIcon;
				CODE_SIGN_STYLE = Automatic;
				DEVELOPMENT_TEAM = 69G8BQ9KQW;
				INFOPLIST_FILE = ARLearn/Info.plist;
				IPHONEOS_DEPLOYMENT_TARGET = 11.1;
				LD_RUNPATH_SEARCH_PATHS = (
					"$(inherited)",
					"@executable_path/Frameworks",
				);
				PRODUCT_BUNDLE_IDENTIFIER = com.sxw.ARLearn;
				PRODUCT_NAME = "$(TARGET_NAME)";
				SWIFT_VERSION = 5.0;
				TARGETED_DEVICE_FAMILY = "1,2";
			};
			name = Release;
		};
		D736DF88229B8A3000C4FFC3 /* Debug */ = {
			isa = XCBuildConfiguration;
			buildSettings = {
				ASSETCATALOG_COMPILER_APPICON_NAME = AppIcon;
				CODE_SIGN_STYLE = Automatic;
				DEVELOPMENT_TEAM = 69G8BQ9KQW;
				INFOPLIST_FILE = ARPokerDice/Info.plist;
				LD_RUNPATH_SEARCH_PATHS = (
					"$(inherited)",
					"@executable_path/Frameworks",
				);
				PRODUCT_BUNDLE_IDENTIFIER = com.sxw.ARPokerDice;
				PRODUCT_NAME = "$(TARGET_NAME)";
				SWIFT_VERSION = 5.0;
				TARGETED_DEVICE_FAMILY = "1,2";
			};
			name = Debug;
		};
		D736DF89229B8A3000C4FFC3 /* Release */ = {
			isa = XCBuildConfiguration;
			buildSettings = {
				ASSETCATALOG_COMPILER_APPICON_NAME = AppIcon;
				CODE_SIGN_STYLE = Automatic;
				DEVELOPMENT_TEAM = 69G8BQ9KQW;
				INFOPLIST_FILE = ARPokerDice/Info.plist;
				LD_RUNPATH_SEARCH_PATHS = (
					"$(inherited)",
					"@executable_path/Frameworks",
				);
				PRODUCT_BUNDLE_IDENTIFIER = com.sxw.ARPokerDice;
				PRODUCT_NAME = "$(TARGET_NAME)";
				SWIFT_VERSION = 5.0;
				TARGETED_DEVICE_FAMILY = "1,2";
			};
			name = Release;
		};
		D7B8C791229BE25A0060DC59 /* Debug */ = {
			isa = XCBuildConfiguration;
			buildSettings = {
				ASSETCATALOG_COMPILER_APPICON_NAME = AppIcon;
				CODE_SIGN_STYLE = Automatic;
				DEVELOPMENT_TEAM = 69G8BQ9KQW;
				INFOPLIST_FILE = PBREarth/Info.plist;
				LD_RUNPATH_SEARCH_PATHS = (
					"$(inherited)",
					"@executable_path/Frameworks",
				);
				PRODUCT_BUNDLE_IDENTIFIER = com.sxw.PBREarth;
				PRODUCT_NAME = "$(TARGET_NAME)";
				SWIFT_VERSION = 5.0;
				TARGETED_DEVICE_FAMILY = "1,2";
			};
			name = Debug;
		};
		D7B8C792229BE25A0060DC59 /* Release */ = {
			isa = XCBuildConfiguration;
			buildSettings = {
				ASSETCATALOG_COMPILER_APPICON_NAME = AppIcon;
				CODE_SIGN_STYLE = Automatic;
				DEVELOPMENT_TEAM = 69G8BQ9KQW;
				INFOPLIST_FILE = PBREarth/Info.plist;
				LD_RUNPATH_SEARCH_PATHS = (
					"$(inherited)",
					"@executable_path/Frameworks",
				);
				PRODUCT_BUNDLE_IDENTIFIER = com.sxw.PBREarth;
				PRODUCT_NAME = "$(TARGET_NAME)";
				SWIFT_VERSION = 5.0;
				TARGETED_DEVICE_FAMILY = "1,2";
			};
			name = Release;
		};
/* End XCBuildConfiguration section */

/* Begin XCConfigurationList section */
		D736DF58229B867600C4FFC3 /* Build configuration list for PBXProject "ARLearn" */ = {
			isa = XCConfigurationList;
			buildConfigurations = (
				D736DF6D229B867600C4FFC3 /* Debug */,
				D736DF6E229B867600C4FFC3 /* Release */,
			);
			defaultConfigurationIsVisible = 0;
			defaultConfigurationName = Release;
		};
		D736DF6F229B867700C4FFC3 /* Build configuration list for PBXNativeTarget "ARLearn" */ = {
			isa = XCConfigurationList;
			buildConfigurations = (
				D736DF70229B867700C4FFC3 /* Debug */,
				D736DF71229B867700C4FFC3 /* Release */,
			);
			defaultConfigurationIsVisible = 0;
			defaultConfigurationName = Release;
		};
		D736DF87229B8A3000C4FFC3 /* Build configuration list for PBXNativeTarget "ARPokerDice" */ = {
			isa = XCConfigurationList;
			buildConfigurations = (
				D736DF88229B8A3000C4FFC3 /* Debug */,
				D736DF89229B8A3000C4FFC3 /* Release */,
			);
			defaultConfigurationIsVisible = 0;
			defaultConfigurationName = Release;
		};
		D7B8C793229BE25A0060DC59 /* Build configuration list for PBXNativeTarget "PBREarth" */ = {
			isa = XCConfigurationList;
			buildConfigurations = (
				D7B8C791229BE25A0060DC59 /* Debug */,
				D7B8C792229BE25A0060DC59 /* Release */,
			);
			defaultConfigurationIsVisible = 0;
			defaultConfigurationName = Release;
		};
/* End XCConfigurationList section */
	};
	rootObject = D736DF55229B867600C4FFC3 /* Project object */;
}
